
Microsoft Visual Studio Solution File, Format Version 12.00
# Visual Studio Version 16
VisualStudioVersion = 16.0.31515.178
MinimumVisualStudioVersion = 10.0.40219.1
Project("{888888A0-9F3D-457C-B088-3A5042F75D52}") = "Course Project - Phase 1", "Course Project - Phase 1.pyproj", "{A70F18E7-8FEF-4400-8E5B-6345CC237BBC}"
EndProject
Global
	GlobalSection(SolutionConfigurationPlatforms) = preSolution
		Debug|Any CPU = Debug|Any CPU
		Release|Any CPU = Release|Any CPU
	EndGlobalSection
	GlobalSection(ProjectConfigurationPlatforms) = postSolution
		{A70F18E7-8FEF-4400-8E5B-6345CC237BBC}.Debug|Any CPU.ActiveCfg = Debug|Any CPU
		{A70F18E7-8FEF-4400-8E5B-6345CC237BBC}.Release|Any CPU.ActiveCfg = Release|Any CPU
	EndGlobalSection
	GlobalSection(SolutionProperties) = preSolution
		HideSolutionNode = FALSE
	EndGlobalSection
	GlobalSection(ExtensibilityGlobals) = postSolution
		SolutionGuid = {99A278A9-ADD2-4165-9FE0-B62E07AD90D4}
	EndGlobalSection
EndGlobal
